
Microsoft Visual Studio Solution File, Format Version 12.00
# Visual Studio Version 17
VisualStudioVersion = 17.5.002.0
MinimumVisualStudioVersion = 10.0.40219.1
Project("{9A19103F-16F7-4668-BE54-9A1E7A4F7556}") = "Day12", "Day12.csproj", "{EDAE87F7-3201-4733-B259-51D09B915E85}"
EndProject
Global
	GlobalSection(SolutionConfigurationPlatforms) = preSolution
		Debug|Any CPU = Debug|Any CPU
		Release|Any CPU = Release|Any CPU
	EndGlobalSection
	GlobalSection(ProjectConfigurationPlatforms) = postSolution
		{EDAE87F7-3201-4733-B259-51D09B915E85}.Debug|Any CPU.ActiveCfg = Debug|Any CPU
		{EDAE87F7-3201-4733-B259-51D09B915E85}.Debug|Any CPU.Build.0 = Debug|Any CPU
		{EDAE87F7-3201-4733-B259-51D09B915E85}.Release|Any CPU.ActiveCfg = Release|Any CPU
		{EDAE87F7-3201-4733-B259-51D09B915E85}.Release|Any CPU.Build.0 = Release|Any CPU
	EndGlobalSection
	GlobalSection(SolutionProperties) = preSolution
		HideSolutionNode = FALSE
	EndGlobalSection
	GlobalSection(ExtensibilityGlobals) = postSolution
		SolutionGuid = {11A60798-A2B2-4BCD-9300-37D0125E12AC}
	EndGlobalSection
EndGlobal
