
Microsoft Visual Studio Solution File, Format Version 12.00
# Visual Studio Version 17
VisualStudioVersion = 17.5.002.0
MinimumVisualStudioVersion = 10.0.40219.1
Project("{9A19103F-16F7-4668-BE54-9A1E7A4F7556}") = "Day09", "Day09.csproj", "{7496F74B-75D2-4BFF-8D55-2C3CD7912E62}"
EndProject
Global
	GlobalSection(SolutionConfigurationPlatforms) = preSolution
		Debug|Any CPU = Debug|Any CPU
		Release|Any CPU = Release|Any CPU
	EndGlobalSection
	GlobalSection(ProjectConfigurationPlatforms) = postSolution
		{7496F74B-75D2-4BFF-8D55-2C3CD7912E62}.Debug|Any CPU.ActiveCfg = Debug|Any CPU
		{7496F74B-75D2-4BFF-8D55-2C3CD7912E62}.Debug|Any CPU.Build.0 = Debug|Any CPU
		{7496F74B-75D2-4BFF-8D55-2C3CD7912E62}.Release|Any CPU.ActiveCfg = Release|Any CPU
		{7496F74B-75D2-4BFF-8D55-2C3CD7912E62}.Release|Any CPU.Build.0 = Release|Any CPU
	EndGlobalSection
	GlobalSection(SolutionProperties) = preSolution
		HideSolutionNode = FALSE
	EndGlobalSection
	GlobalSection(ExtensibilityGlobals) = postSolution
		SolutionGuid = {AE516F43-D508-40C0-8402-7A3756195FEF}
	EndGlobalSection
EndGlobal
