Microsoft Visual Studio Solution File, Format Version 12.00
# Visual Studio Version 17
VisualStudioVersion = 17.5.2.0
MinimumVisualStudioVersion = 10.0.40219.1
Project("{FAE04EC0-301F-11D3-BF4B-00C04F79EFBC}") = "Day11", "Day11.csproj", "{A1722FC9-69FD-FD75-EBBA-0A72D45054B7}"
EndProject
Global
	GlobalSection(SolutionConfigurationPlatforms) = preSolution
		Debug|Any CPU = Debug|Any CPU
		Release|Any CPU = Release|Any CPU
	EndGlobalSection
	GlobalSection(ProjectConfigurationPlatforms) = postSolution
		{A1722FC9-69FD-FD75-EBBA-0A72D45054B7}.Debug|Any CPU.ActiveCfg = Debug|Any CPU
		{A1722FC9-69FD-FD75-EBBA-0A72D45054B7}.Debug|Any CPU.Build.0 = Debug|Any CPU
		{A1722FC9-69FD-FD75-EBBA-0A72D45054B7}.Release|Any CPU.ActiveCfg = Release|Any CPU
		{A1722FC9-69FD-FD75-EBBA-0A72D45054B7}.Release|Any CPU.Build.0 = Release|Any CPU
	EndGlobalSection
	GlobalSection(SolutionProperties) = preSolution
		HideSolutionNode = FALSE
	EndGlobalSection
	GlobalSection(ExtensibilityGlobals) = postSolution
		SolutionGuid = {9806E3A7-1EFC-40FF-9F40-F33AC1FAAF60}
	EndGlobalSection
EndGlobal
