
Microsoft Visual Studio Solution File, Format Version 12.00
# Visual Studio Version 17
VisualStudioVersion = 17.5.002.0
MinimumVisualStudioVersion = 10.0.40219.1
Project("{9A19103F-16F7-4668-BE54-9A1E7A4F7556}") = "Day14", "Day14.csproj", "{CE3B9B40-0481-4D8B-99D7-8B717E3F0286}"
EndProject
Global
	GlobalSection(SolutionConfigurationPlatforms) = preSolution
		Debug|Any CPU = Debug|Any CPU
		Release|Any CPU = Release|Any CPU
	EndGlobalSection
	GlobalSection(ProjectConfigurationPlatforms) = postSolution
		{CE3B9B40-0481-4D8B-99D7-8B717E3F0286}.Debug|Any CPU.ActiveCfg = Debug|Any CPU
		{CE3B9B40-0481-4D8B-99D7-8B717E3F0286}.Debug|Any CPU.Build.0 = Debug|Any CPU
		{CE3B9B40-0481-4D8B-99D7-8B717E3F0286}.Release|Any CPU.ActiveCfg = Release|Any CPU
		{CE3B9B40-0481-4D8B-99D7-8B717E3F0286}.Release|Any CPU.Build.0 = Release|Any CPU
	EndGlobalSection
	GlobalSection(SolutionProperties) = preSolution
		HideSolutionNode = FALSE
	EndGlobalSection
	GlobalSection(ExtensibilityGlobals) = postSolution
		SolutionGuid = {F1244997-CC47-45F5-82C2-142FB149D966}
	EndGlobalSection
EndGlobal
