
Microsoft Visual Studio Solution File, Format Version 12.00
# Visual Studio Version 17
VisualStudioVersion = 17.5.002.0
MinimumVisualStudioVersion = 10.0.40219.1
Project("{9A19103F-16F7-4668-BE54-9A1E7A4F7556}") = "Day21", "Day21.csproj", "{D8CBC85C-3A9F-41B7-B345-F23A9B97B0EE}"
EndProject
Global
	GlobalSection(SolutionConfigurationPlatforms) = preSolution
		Debug|Any CPU = Debug|Any CPU
		Release|Any CPU = Release|Any CPU
	EndGlobalSection
	GlobalSection(ProjectConfigurationPlatforms) = postSolution
		{D8CBC85C-3A9F-41B7-B345-F23A9B97B0EE}.Debug|Any CPU.ActiveCfg = Debug|Any CPU
		{D8CBC85C-3A9F-41B7-B345-F23A9B97B0EE}.Debug|Any CPU.Build.0 = Debug|Any CPU
		{D8CBC85C-3A9F-41B7-B345-F23A9B97B0EE}.Release|Any CPU.ActiveCfg = Release|Any CPU
		{D8CBC85C-3A9F-41B7-B345-F23A9B97B0EE}.Release|Any CPU.Build.0 = Release|Any CPU
	EndGlobalSection
	GlobalSection(SolutionProperties) = preSolution
		HideSolutionNode = FALSE
	EndGlobalSection
	GlobalSection(ExtensibilityGlobals) = postSolution
		SolutionGuid = {2EB6CF9F-848D-4E24-9A9D-511AE126474E}
	EndGlobalSection
EndGlobal
