
Microsoft Visual Studio Solution File, Format Version 12.00
# Visual Studio Version 17
VisualStudioVersion = 17.5.002.0
MinimumVisualStudioVersion = 10.0.40219.1
Project("{9A19103F-16F7-4668-BE54-9A1E7A4F7556}") = "Day16", "Day16.csproj", "{AA780435-AD7E-4B81-8401-38317A694709}"
EndProject
Global
	GlobalSection(SolutionConfigurationPlatforms) = preSolution
		Debug|Any CPU = Debug|Any CPU
		Release|Any CPU = Release|Any CPU
	EndGlobalSection
	GlobalSection(ProjectConfigurationPlatforms) = postSolution
		{AA780435-AD7E-4B81-8401-38317A694709}.Debug|Any CPU.ActiveCfg = Debug|Any CPU
		{AA780435-AD7E-4B81-8401-38317A694709}.Debug|Any CPU.Build.0 = Debug|Any CPU
		{AA780435-AD7E-4B81-8401-38317A694709}.Release|Any CPU.ActiveCfg = Release|Any CPU
		{AA780435-AD7E-4B81-8401-38317A694709}.Release|Any CPU.Build.0 = Release|Any CPU
	EndGlobalSection
	GlobalSection(SolutionProperties) = preSolution
		HideSolutionNode = FALSE
	EndGlobalSection
	GlobalSection(ExtensibilityGlobals) = postSolution
		SolutionGuid = {9B343361-F268-40BD-B711-90103D31D72D}
	EndGlobalSection
EndGlobal
