
Microsoft Visual Studio Solution File, Format Version 12.00
# Visual Studio Version 17
VisualStudioVersion = 17.5.002.0
MinimumVisualStudioVersion = 10.0.40219.1
Project("{9A19103F-16F7-4668-BE54-9A1E7A4F7556}") = "Day06", "Day06.csproj", "{D49D2EB9-6F63-47FA-B4A9-5487B956FFDB}"
EndProject
Global
	GlobalSection(SolutionConfigurationPlatforms) = preSolution
		Debug|Any CPU = Debug|Any CPU
		Release|Any CPU = Release|Any CPU
	EndGlobalSection
	GlobalSection(ProjectConfigurationPlatforms) = postSolution
		{D49D2EB9-6F63-47FA-B4A9-5487B956FFDB}.Debug|Any CPU.ActiveCfg = Debug|Any CPU
		{D49D2EB9-6F63-47FA-B4A9-5487B956FFDB}.Debug|Any CPU.Build.0 = Debug|Any CPU
		{D49D2EB9-6F63-47FA-B4A9-5487B956FFDB}.Release|Any CPU.ActiveCfg = Release|Any CPU
		{D49D2EB9-6F63-47FA-B4A9-5487B956FFDB}.Release|Any CPU.Build.0 = Release|Any CPU
	EndGlobalSection
	GlobalSection(SolutionProperties) = preSolution
		HideSolutionNode = FALSE
	EndGlobalSection
	GlobalSection(ExtensibilityGlobals) = postSolution
		SolutionGuid = {F48912E8-2ECD-4851-8E56-F0FCACBD28BB}
	EndGlobalSection
EndGlobal
