Microsoft Visual Studio Solution File, Format Version 12.00
# Visual Studio Version 17
VisualStudioVersion = 17.5.2.0
MinimumVisualStudioVersion = 10.0.40219.1
Project("{FAE04EC0-301F-11D3-BF4B-00C04F79EFBC}") = "Day10", "Day10.csproj", "{6241BAEE-B492-F820-F8EF-1BB85938CADD}"
EndProject
Global
	GlobalSection(SolutionConfigurationPlatforms) = preSolution
		Debug|Any CPU = Debug|Any CPU
		Release|Any CPU = Release|Any CPU
	EndGlobalSection
	GlobalSection(ProjectConfigurationPlatforms) = postSolution
		{6241BAEE-B492-F820-F8EF-1BB85938CADD}.Debug|Any CPU.ActiveCfg = Debug|Any CPU
		{6241BAEE-B492-F820-F8EF-1BB85938CADD}.Debug|Any CPU.Build.0 = Debug|Any CPU
		{6241BAEE-B492-F820-F8EF-1BB85938CADD}.Release|Any CPU.ActiveCfg = Release|Any CPU
		{6241BAEE-B492-F820-F8EF-1BB85938CADD}.Release|Any CPU.Build.0 = Release|Any CPU
	EndGlobalSection
	GlobalSection(SolutionProperties) = preSolution
		HideSolutionNode = FALSE
	EndGlobalSection
	GlobalSection(ExtensibilityGlobals) = postSolution
		SolutionGuid = {31D6E862-795B-407F-86D7-4F1519C7AD89}
	EndGlobalSection
EndGlobal
