
Microsoft Visual Studio Solution File, Format Version 12.00
# Visual Studio Version 17
VisualStudioVersion = 17.5.002.0
MinimumVisualStudioVersion = 10.0.40219.1
Project("{9A19103F-16F7-4668-BE54-9A1E7A4F7556}") = "Day18", "Day18.csproj", "{ADD0ED1C-44BF-4D83-9C08-C4D96FF78BCB}"
EndProject
Global
	GlobalSection(SolutionConfigurationPlatforms) = preSolution
		Debug|Any CPU = Debug|Any CPU
		Release|Any CPU = Release|Any CPU
	EndGlobalSection
	GlobalSection(ProjectConfigurationPlatforms) = postSolution
		{ADD0ED1C-44BF-4D83-9C08-C4D96FF78BCB}.Debug|Any CPU.ActiveCfg = Debug|Any CPU
		{ADD0ED1C-44BF-4D83-9C08-C4D96FF78BCB}.Debug|Any CPU.Build.0 = Debug|Any CPU
		{ADD0ED1C-44BF-4D83-9C08-C4D96FF78BCB}.Release|Any CPU.ActiveCfg = Release|Any CPU
		{ADD0ED1C-44BF-4D83-9C08-C4D96FF78BCB}.Release|Any CPU.Build.0 = Release|Any CPU
	EndGlobalSection
	GlobalSection(SolutionProperties) = preSolution
		HideSolutionNode = FALSE
	EndGlobalSection
	GlobalSection(ExtensibilityGlobals) = postSolution
		SolutionGuid = {D41E7EC2-0804-4E85-AACD-D60E1CF01772}
	EndGlobalSection
EndGlobal
