
Microsoft Visual Studio Solution File, Format Version 12.00
# Visual Studio Version 17
VisualStudioVersion = 17.5.002.0
MinimumVisualStudioVersion = 10.0.40219.1
Project("{9A19103F-16F7-4668-BE54-9A1E7A4F7556}") = "Day18", "Day18.csproj", "{F7DF28E8-1090-4441-8AF4-BB8B2D9F1182}"
EndProject
Global
	GlobalSection(SolutionConfigurationPlatforms) = preSolution
		Debug|Any CPU = Debug|Any CPU
		Release|Any CPU = Release|Any CPU
	EndGlobalSection
	GlobalSection(ProjectConfigurationPlatforms) = postSolution
		{F7DF28E8-1090-4441-8AF4-BB8B2D9F1182}.Debug|Any CPU.ActiveCfg = Debug|Any CPU
		{F7DF28E8-1090-4441-8AF4-BB8B2D9F1182}.Debug|Any CPU.Build.0 = Debug|Any CPU
		{F7DF28E8-1090-4441-8AF4-BB8B2D9F1182}.Release|Any CPU.ActiveCfg = Release|Any CPU
		{F7DF28E8-1090-4441-8AF4-BB8B2D9F1182}.Release|Any CPU.Build.0 = Release|Any CPU
	EndGlobalSection
	GlobalSection(SolutionProperties) = preSolution
		HideSolutionNode = FALSE
	EndGlobalSection
	GlobalSection(ExtensibilityGlobals) = postSolution
		SolutionGuid = {2BE34241-62AA-4A5D-A5BB-06789AAED64D}
	EndGlobalSection
EndGlobal
