
Microsoft Visual Studio Solution File, Format Version 12.00
# Visual Studio Version 17
VisualStudioVersion = 17.5.002.0
MinimumVisualStudioVersion = 10.0.40219.1
Project("{9A19103F-16F7-4668-BE54-9A1E7A4F7556}") = "Day08", "Day08.csproj", "{727BFD2D-4B42-4756-A8D9-DA658E197A8C}"
EndProject
Global
	GlobalSection(SolutionConfigurationPlatforms) = preSolution
		Debug|Any CPU = Debug|Any CPU
		Release|Any CPU = Release|Any CPU
	EndGlobalSection
	GlobalSection(ProjectConfigurationPlatforms) = postSolution
		{727BFD2D-4B42-4756-A8D9-DA658E197A8C}.Debug|Any CPU.ActiveCfg = Debug|Any CPU
		{727BFD2D-4B42-4756-A8D9-DA658E197A8C}.Debug|Any CPU.Build.0 = Debug|Any CPU
		{727BFD2D-4B42-4756-A8D9-DA658E197A8C}.Release|Any CPU.ActiveCfg = Release|Any CPU
		{727BFD2D-4B42-4756-A8D9-DA658E197A8C}.Release|Any CPU.Build.0 = Release|Any CPU
	EndGlobalSection
	GlobalSection(SolutionProperties) = preSolution
		HideSolutionNode = FALSE
	EndGlobalSection
	GlobalSection(ExtensibilityGlobals) = postSolution
		SolutionGuid = {20EE490B-10A7-4E93-AB43-D4E2D77D8D7A}
	EndGlobalSection
EndGlobal
