Microsoft Visual Studio Solution File, Format Version 12.00
# Visual Studio Version 17
VisualStudioVersion = 17.5.2.0
MinimumVisualStudioVersion = 10.0.40219.1
Project("{FAE04EC0-301F-11D3-BF4B-00C04F79EFBC}") = "Day07", "Day07.csproj", "{EFF269C7-2D4B-8B1C-5494-20FD23AC0B0C}"
EndProject
Global
	GlobalSection(SolutionConfigurationPlatforms) = preSolution
		Debug|Any CPU = Debug|Any CPU
		Release|Any CPU = Release|Any CPU
	EndGlobalSection
	GlobalSection(ProjectConfigurationPlatforms) = postSolution
		{EFF269C7-2D4B-8B1C-5494-20FD23AC0B0C}.Debug|Any CPU.ActiveCfg = Debug|Any CPU
		{EFF269C7-2D4B-8B1C-5494-20FD23AC0B0C}.Debug|Any CPU.Build.0 = Debug|Any CPU
		{EFF269C7-2D4B-8B1C-5494-20FD23AC0B0C}.Release|Any CPU.ActiveCfg = Release|Any CPU
		{EFF269C7-2D4B-8B1C-5494-20FD23AC0B0C}.Release|Any CPU.Build.0 = Release|Any CPU
	EndGlobalSection
	GlobalSection(SolutionProperties) = preSolution
		HideSolutionNode = FALSE
	EndGlobalSection
	GlobalSection(ExtensibilityGlobals) = postSolution
		SolutionGuid = {66F49A53-DADD-441E-901C-70D28BA55FB0}
	EndGlobalSection
EndGlobal
