
Microsoft Visual Studio Solution File, Format Version 12.00
# Visual Studio Version 17
VisualStudioVersion = 17.5.002.0
MinimumVisualStudioVersion = 10.0.40219.1
Project("{9A19103F-16F7-4668-BE54-9A1E7A4F7556}") = "Day10", "Day10.csproj", "{2AA55F49-0EFE-4960-AB8E-D63B6D29F99B}"
EndProject
Global
	GlobalSection(SolutionConfigurationPlatforms) = preSolution
		Debug|Any CPU = Debug|Any CPU
		Release|Any CPU = Release|Any CPU
	EndGlobalSection
	GlobalSection(ProjectConfigurationPlatforms) = postSolution
		{2AA55F49-0EFE-4960-AB8E-D63B6D29F99B}.Debug|Any CPU.ActiveCfg = Debug|Any CPU
		{2AA55F49-0EFE-4960-AB8E-D63B6D29F99B}.Debug|Any CPU.Build.0 = Debug|Any CPU
		{2AA55F49-0EFE-4960-AB8E-D63B6D29F99B}.Release|Any CPU.ActiveCfg = Release|Any CPU
		{2AA55F49-0EFE-4960-AB8E-D63B6D29F99B}.Release|Any CPU.Build.0 = Release|Any CPU
	EndGlobalSection
	GlobalSection(SolutionProperties) = preSolution
		HideSolutionNode = FALSE
	EndGlobalSection
	GlobalSection(ExtensibilityGlobals) = postSolution
		SolutionGuid = {A3D689CB-00D4-4385-B0A6-C99888F32EC2}
	EndGlobalSection
EndGlobal
