
Microsoft Visual Studio Solution File, Format Version 12.00
# Visual Studio Version 17
VisualStudioVersion = 17.5.002.0
MinimumVisualStudioVersion = 10.0.40219.1
Project("{9A19103F-16F7-4668-BE54-9A1E7A4F7556}") = "Day09", "Day09.csproj", "{03A04D9A-1BFA-4AAA-959D-8D7954844ABD}"
EndProject
Global
	GlobalSection(SolutionConfigurationPlatforms) = preSolution
		Debug|Any CPU = Debug|Any CPU
		Release|Any CPU = Release|Any CPU
	EndGlobalSection
	GlobalSection(ProjectConfigurationPlatforms) = postSolution
		{03A04D9A-1BFA-4AAA-959D-8D7954844ABD}.Debug|Any CPU.ActiveCfg = Debug|Any CPU
		{03A04D9A-1BFA-4AAA-959D-8D7954844ABD}.Debug|Any CPU.Build.0 = Debug|Any CPU
		{03A04D9A-1BFA-4AAA-959D-8D7954844ABD}.Release|Any CPU.ActiveCfg = Release|Any CPU
		{03A04D9A-1BFA-4AAA-959D-8D7954844ABD}.Release|Any CPU.Build.0 = Release|Any CPU
	EndGlobalSection
	GlobalSection(SolutionProperties) = preSolution
		HideSolutionNode = FALSE
	EndGlobalSection
	GlobalSection(ExtensibilityGlobals) = postSolution
		SolutionGuid = {5E501FD9-E0A7-4913-B7E8-75D9AEFDB45F}
	EndGlobalSection
EndGlobal
